
Microsoft Visual Studio Solution File, Format Version 12.00
# Visual Studio Version 16
VisualStudioVersion = 16.0.30320.27
MinimumVisualStudioVersion = 10.0.40219.1
Project("{9A19103F-16F7-4668-BE54-9A1E7A4F7556}") = "CursoMVC", "CursoMVC\CursoMVC.csproj", "{6EA29796-3F8C-4134-B1F7-E1191057E35E}"
EndProject
Project("{9A19103F-16F7-4668-BE54-9A1E7A4F7556}") = "CursoAPI", "CursoAPI\CursoAPI.csproj", "{D4F3E561-A592-4ED4-980F-98F00FE1F436}"
EndProject
Project("{FAE04EC0-301F-11D3-BF4B-00C04F79EFBC}") = "CursoTeste", "CursoTeste\CursoTeste.csproj", "{8EE75846-5446-4876-837B-5562210DCC9B}"
EndProject
Global
	GlobalSection(SolutionConfigurationPlatforms) = preSolution
		Debug|Any CPU = Debug|Any CPU
		Release|Any CPU = Release|Any CPU
	EndGlobalSection
	GlobalSection(ProjectConfigurationPlatforms) = postSolution
		{6EA29796-3F8C-4134-B1F7-E1191057E35E}.Debug|Any CPU.ActiveCfg = Debug|Any CPU
		{6EA29796-3F8C-4134-B1F7-E1191057E35E}.Debug|Any CPU.Build.0 = Debug|Any CPU
		{6EA29796-3F8C-4134-B1F7-E1191057E35E}.Release|Any CPU.ActiveCfg = Release|Any CPU
		{6EA29796-3F8C-4134-B1F7-E1191057E35E}.Release|Any CPU.Build.0 = Release|Any CPU
		{D4F3E561-A592-4ED4-980F-98F00FE1F436}.Debug|Any CPU.ActiveCfg = Debug|Any CPU
		{D4F3E561-A592-4ED4-980F-98F00FE1F436}.Debug|Any CPU.Build.0 = Debug|Any CPU
		{D4F3E561-A592-4ED4-980F-98F00FE1F436}.Release|Any CPU.ActiveCfg = Release|Any CPU
		{D4F3E561-A592-4ED4-980F-98F00FE1F436}.Release|Any CPU.Build.0 = Release|Any CPU
		{8EE75846-5446-4876-837B-5562210DCC9B}.Debug|Any CPU.ActiveCfg = Debug|Any CPU
		{8EE75846-5446-4876-837B-5562210DCC9B}.Debug|Any CPU.Build.0 = Debug|Any CPU
		{8EE75846-5446-4876-837B-5562210DCC9B}.Release|Any CPU.ActiveCfg = Release|Any CPU
		{8EE75846-5446-4876-837B-5562210DCC9B}.Release|Any CPU.Build.0 = Release|Any CPU
	EndGlobalSection
	GlobalSection(SolutionProperties) = preSolution
		HideSolutionNode = FALSE
	EndGlobalSection
	GlobalSection(ExtensibilityGlobals) = postSolution
		SolutionGuid = {8F79377B-5763-4456-9407-0CC04CE00F44}
	EndGlobalSection
EndGlobal
